
Microsoft Visual Studio Solution File, Format Version 12.00
# Visual Studio 15
VisualStudioVersion = 15.0.26430.16
MinimumVisualStudioVersion = 10.0.40219.1
Project("{FAE04EC0-301F-11D3-BF4B-00C04F79EFBC}") = "StudyManager", "StudyManager\StudyManager.csproj", "{B4449790-FD0B-4997-B76D-E7D33D2BA688}"
EndProject
Project("{00D1A9C2-B5F0-4AF3-8072-F6C62B433612}") = "Database", "Database\Database.sqlproj", "{6A186E1A-2F0A-4980-A22D-ACAED831F766}"
EndProject
Global
	GlobalSection(SolutionConfigurationPlatforms) = preSolution
		Debug|Any CPU = Debug|Any CPU
		Release|Any CPU = Release|Any CPU
	EndGlobalSection
	GlobalSection(ProjectConfigurationPlatforms) = postSolution
		{B4449790-FD0B-4997-B76D-E7D33D2BA688}.Debug|Any CPU.ActiveCfg = Debug|Any CPU
		{B4449790-FD0B-4997-B76D-E7D33D2BA688}.Debug|Any CPU.Build.0 = Debug|Any CPU
		{B4449790-FD0B-4997-B76D-E7D33D2BA688}.Release|Any CPU.ActiveCfg = Release|Any CPU
		{B4449790-FD0B-4997-B76D-E7D33D2BA688}.Release|Any CPU.Build.0 = Release|Any CPU
		{6A186E1A-2F0A-4980-A22D-ACAED831F766}.Debug|Any CPU.ActiveCfg = Debug|Any CPU
		{6A186E1A-2F0A-4980-A22D-ACAED831F766}.Debug|Any CPU.Build.0 = Debug|Any CPU
		{6A186E1A-2F0A-4980-A22D-ACAED831F766}.Debug|Any CPU.Deploy.0 = Debug|Any CPU
		{6A186E1A-2F0A-4980-A22D-ACAED831F766}.Release|Any CPU.ActiveCfg = Release|Any CPU
		{6A186E1A-2F0A-4980-A22D-ACAED831F766}.Release|Any CPU.Build.0 = Release|Any CPU
		{6A186E1A-2F0A-4980-A22D-ACAED831F766}.Release|Any CPU.Deploy.0 = Release|Any CPU
	EndGlobalSection
	GlobalSection(SolutionProperties) = preSolution
		HideSolutionNode = FALSE
	EndGlobalSection
EndGlobal
